# This file is autogenerated, do not edit; changes may be undone by the next 'dep ensure'.


[[projects]]
  branch = "master"
  name = "github.com/catsworld/qq-bot-api"
  packages = [".","cqcode"]
  revision = "69a4953233d625591f121465fb1631a7713a414b"

[[projects]]
  name = "github.com/go-resty/resty"
  packages = ["."]
  revision = "fc3ad735b5565cada42d34bc298573fd3fe5adc6"
  version = "v1.6"

[[projects]]
  branch = "master"
  name = "github.com/golang/freetype"
  packages = [".","raster","truetype"]
  revision = "e2365dfdc4a05e4b8299a783240d4a7d5a65d4e4"

[[projects]]
  name = "github.com/mattn/go-sqlite3"
  packages = ["."]
  revision = "25ecb14adfc7543176f7d85291ec7dba82c6f7e4"
  version = "v1.9.0"

[[projects]]
  branch = "master"
  name = "github.com/mitchellh/mapstructure"
  packages = ["."]
  revision = "bb74f1db0675b241733089d5a1faa5dd8b0ef57b"

[[projects]]
  name = "github.com/pkg/errors"
  packages = ["."]
  revision = "645ef00459ed84a119197bfb8d8205042c6df63d"
  version = "v0.8.0"

[[projects]]
  branch = "master"
  name = "golang.org/x/image"
  packages = ["font","math/fixed"]
  revision = "af66defab954cb421ca110193eed9477c8541e2a"

[[projects]]
  branch = "master"
  name = "golang.org/x/net"
  packages = ["idna","publicsuffix"]
  revision = "afe8f62b1d6bbd81f31868121a50b06d8188e1f9"

[[projects]]
  name = "golang.org/x/text"
  packages = ["collate","collate/build","internal/colltab","internal/gen","internal/tag","internal/triegen","internal/ucd","language","secure/bidirule","transform","unicode/bidi","unicode/cldr","unicode/norm","unicode/rangetable"]
  revision = "f21a4dfb5e38f5895301dc265a8def02365cc3d0"
  version = "v0.3.0"

[solve-meta]
  analyzer-name = "dep"
  analyzer-version = 1
  inputs-digest = "8f39645eea58a01cac863b1212390bacfcb9274c11c2d5786a1f5e03274238a0"
  solver-name = "gps-cdcl"
  solver-version = 1
